# This file is automatically @generated by pesde.
# It is not intended for manual editing.
format = 2
name = "ernisto/ro_cloud"
version = "0.1.0-alpha"
target = "lune"

[graph."synpixel/base64@3.0.1 lune"]
direct = ["base64", { name = "synpixel/base64", version = "^3.0.1", index = "default" }, "standard"]

[graph."synpixel/base64@3.0.1 lune".pkg_ref]
ref_ty = "pesde"
index_url = "https://github.com/pesde-pkg/index"
